// !$*UTF8*$!
{
	archiveVersion = 1;
	classes = {
	};
	objectVersion = 50;
	objects = {

/* Begin PBXBuildFile section */
		2C0F44B72248C52300E468FC /* AppDelegate.swift in Sources */ = {isa = PBXBuildFile; fileRef = 2C0F44B62248C52300E468FC /* AppDelegate.swift */; };
		2C0F44B92248C52300E468FC /* ConcentrationViewController.swift in Sources */ = {isa = PBXBuildFile; fileRef = 2C0F44B82248C52300E468FC /* ConcentrationViewController.swift */; };
		2C0F44BC2248C52300E468FC /* Main.storyboard in Resources */ = {isa = PBXBuildFile; fileRef = 2C0F44BA2248C52300E468FC /* Main.storyboard */; };
		2C0F44BE2248C52500E468FC /* Assets.xcassets in Resources */ = {isa = PBXBuildFile; fileRef = 2C0F44BD2248C52500E468FC /* Assets.xcassets */; };
		2C0F44C12248C52500E468FC /* LaunchScreen.storyboard in Resources */ = {isa = PBXBuildFile; fileRef = 2C0F44BF2248C52500E468FC /* LaunchScreen.storyboard */; };
		2C0F44CA2248EDDC00E468FC /* Concentration.swift in Sources */ = {isa = PBXBuildFile; fileRef = 2C0F44C92248EDDC00E468FC /* Concentration.swift */; };
		2C0F44CC2248EF4B00E468FC /* Card.swift in Sources */ = {isa = PBXBuildFile; fileRef = 2C0F44CB2248EF4B00E468FC /* Card.swift */; };
		2C1BE9EF2263A11E0074263D /* MultipleMVC,Timer and Animation.rtfd in Resources */ = {isa = PBXBuildFile; fileRef = 2C1BE9EE2263A11E0074263D /* MultipleMVC,Timer and Animation.rtfd */; };
		2C510161226A1BD300846709 /* Timer.rtfd in Resources */ = {isa = PBXBuildFile; fileRef = 2C510160226A1BD200846709 /* Timer.rtfd */; };
		2C6F6F732250EC850018E723 /* Extensions.rtf in Resources */ = {isa = PBXBuildFile; fileRef = 2C6F6F722250EC850018E723 /* Extensions.rtf */; };
		2C6F6F9322511DDA0018E723 /* Protocols.rtf in Resources */ = {isa = PBXBuildFile; fileRef = 2C6F6F9222511DDA0018E723 /* Protocols.rtf */; };
		2C79A7A7225BB8C300B620FC /* FunctionTypes.rtf in Resources */ = {isa = PBXBuildFile; fileRef = 2C79A7A6225BB8C300B620FC /* FunctionTypes.rtf */; };
		2C7F68402258A10A0057E51D /* ARC.rtf in Resources */ = {isa = PBXBuildFile; fileRef = 2C7F683F2258A10A0057E51D /* ARC.rtf */; };
		2C7F68422258A34B0057E51D /* ARC.pdf in Resources */ = {isa = PBXBuildFile; fileRef = 2C7F68412258A34B0057E51D /* ARC.pdf */; };
		2CBA3DB822592E15002F37A1 /* String.rtf in Resources */ = {isa = PBXBuildFile; fileRef = 2CBA3DB722592E15002F37A1 /* String.rtf */; };
		2CBA3DBA22593F87002F37A1 /* NSAttributedStrings.rtf in Resources */ = {isa = PBXBuildFile; fileRef = 2CBA3DB922593F87002F37A1 /* NSAttributedStrings.rtf */; };
		9B1DA26D22644DAC008C5231 /* ConcentrationThemeChooserViewController.swift in Sources */ = {isa = PBXBuildFile; fileRef = 9B1DA26C22644DAC008C5231 /* ConcentrationThemeChooserViewController.swift */; };
/* End PBXBuildFile section */

/* Begin PBXFileReference section */
		2C0F44B32248C52300E468FC /* ViewControllerLifeCycle.app */ = {isa = PBXFileReference; explicitFileType = wrapper.application; includeInIndex = 0; path = ViewControllerLifeCycle.app; sourceTree = BUILT_PRODUCTS_DIR; };
		2C0F44B62248C52300E468FC /* AppDelegate.swift */ = {isa = PBXFileReference; lastKnownFileType = sourcecode.swift; path = AppDelegate.swift; sourceTree = "<group>"; };
		2C0F44B82248C52300E468FC /* ConcentrationViewController.swift */ = {isa = PBXFileReference; lastKnownFileType = sourcecode.swift; path = ConcentrationViewController.swift; sourceTree = "<group>"; };
		2C0F44BB2248C52300E468FC /* Base */ = {isa = PBXFileReference; lastKnownFileType = file.storyboard; name = Base; path = Base.lproj/Main.storyboard; sourceTree = "<group>"; };
		2C0F44BD2248C52500E468FC /* Assets.xcassets */ = {isa = PBXFileReference; lastKnownFileType = folder.assetcatalog; path = Assets.xcassets; sourceTree = "<group>"; };
		2C0F44C02248C52500E468FC /* Base */ = {isa = PBXFileReference; lastKnownFileType = file.storyboard; name = Base; path = Base.lproj/LaunchScreen.storyboard; sourceTree = "<group>"; };
		2C0F44C22248C52500E468FC /* Info.plist */ = {isa = PBXFileReference; lastKnownFileType = text.plist.xml; path = Info.plist; sourceTree = "<group>"; };
		2C0F44C92248EDDC00E468FC /* Concentration.swift */ = {isa = PBXFileReference; lastKnownFileType = sourcecode.swift; path = Concentration.swift; sourceTree = "<group>"; };
		2C0F44CB2248EF4B00E468FC /* Card.swift */ = {isa = PBXFileReference; lastKnownFileType = sourcecode.swift; path = Card.swift; sourceTree = "<group>"; };
		2C1BE9EE2263A11E0074263D /* MultipleMVC,Timer and Animation.rtfd */ = {isa = PBXFileReference; lastKnownFileType = wrapper.rtfd; path = "MultipleMVC,Timer and Animation.rtfd"; sourceTree = "<group>"; };
		2C510160226A1BD200846709 /* Timer.rtfd */ = {isa = PBXFileReference; lastKnownFileType = wrapper.rtfd; path = Timer.rtfd; sourceTree = "<group>"; };
		2C6F6F722250EC850018E723 /* Extensions.rtf */ = {isa = PBXFileReference; lastKnownFileType = text.rtf; path = Extensions.rtf; sourceTree = "<group>"; };
		2C6F6F9222511DDA0018E723 /* Protocols.rtf */ = {isa = PBXFileReference; lastKnownFileType = text.rtf; path = Protocols.rtf; sourceTree = "<group>"; };
		2C79A7A6225BB8C300B620FC /* FunctionTypes.rtf */ = {isa = PBXFileReference; lastKnownFileType = text.rtf; path = FunctionTypes.rtf; sourceTree = "<group>"; };
		2C7F683F2258A10A0057E51D /* ARC.rtf */ = {isa = PBXFileReference; lastKnownFileType = text.rtf; path = ARC.rtf; sourceTree = "<group>"; };
		2C7F68412258A34B0057E51D /* ARC.pdf */ = {isa = PBXFileReference; lastKnownFileType = image.pdf; path = ARC.pdf; sourceTree = "<group>"; };
		2CBA3DB722592E15002F37A1 /* String.rtf */ = {isa = PBXFileReference; lastKnownFileType = text.rtf; path = String.rtf; sourceTree = "<group>"; };
		2CBA3DB922593F87002F37A1 /* NSAttributedStrings.rtf */ = {isa = PBXFileReference; lastKnownFileType = text.rtf; path = NSAttributedStrings.rtf; sourceTree = "<group>"; };
		9B1DA26C22644DAC008C5231 /* ConcentrationThemeChooserViewController.swift */ = {isa = PBXFileReference; lastKnownFileType = sourcecode.swift; path = ConcentrationThemeChooserViewController.swift; sourceTree = "<group>"; };
/* End PBXFileReference section */

/* Begin PBXFrameworksBuildPhase section */
		2C0F44B02248C52300E468FC /* Frameworks */ = {
			isa = PBXFrameworksBuildPhase;
			buildActionMask = 2147483647;
			files = (
			);
			runOnlyForDeploymentPostprocessing = 0;
		};
/* End PBXFrameworksBuildPhase section */

/* Begin PBXGroup section */
		2C0F44AA2248C52300E468FC = {
			isa = PBXGroup;
			children = (
				2C0F44B52248C52300E468FC /* ViewControllerLifeCycle */,
				2C0F44B42248C52300E468FC /* Products */,
			);
			sourceTree = "<group>";
		};
		2C0F44B42248C52300E468FC /* Products */ = {
			isa = PBXGroup;
			children = (
				2C0F44B32248C52300E468FC /* ViewControllerLifeCycle.app */,
			);
			name = Products;
			sourceTree = "<group>";
		};
		2C0F44B52248C52300E468FC /* ViewControllerLifeCycle */ = {
			isa = PBXGroup;
			children = (
				2C0F44C82248C57700E468FC /* Supporting Files */,
				2C0F44B82248C52300E468FC /* ConcentrationViewController.swift */,
				2C0F44C92248EDDC00E468FC /* Concentration.swift */,
				2C0F44CB2248EF4B00E468FC /* Card.swift */,
				2C0F44BA2248C52300E468FC /* Main.storyboard */,
				2C0F44C22248C52500E468FC /* Info.plist */,
				2C6F6F722250EC850018E723 /* Extensions.rtf */,
				2C6F6F9222511DDA0018E723 /* Protocols.rtf */,
				2C1BE9EE2263A11E0074263D /* MultipleMVC,Timer and Animation.rtfd */,
				2C7F683F2258A10A0057E51D /* ARC.rtf */,
				2C7F68412258A34B0057E51D /* ARC.pdf */,
				2CBA3DB722592E15002F37A1 /* String.rtf */,
				2CBA3DB922593F87002F37A1 /* NSAttributedStrings.rtf */,
				2C79A7A6225BB8C300B620FC /* FunctionTypes.rtf */,
				9B1DA26C22644DAC008C5231 /* ConcentrationThemeChooserViewController.swift */,
				2C510160226A1BD200846709 /* Timer.rtfd */,
			);
			path = ViewControllerLifeCycle;
			sourceTree = "<group>";
		};
		2C0F44C82248C57700E468FC /* Supporting Files */ = {
			isa = PBXGroup;
			children = (
				2C0F44B62248C52300E468FC /* AppDelegate.swift */,
				2C0F44BD2248C52500E468FC /* Assets.xcassets */,
				2C0F44BF2248C52500E468FC /* LaunchScreen.storyboard */,
			);
			path = "Supporting Files";
			sourceTree = "<group>";
		};
/* End PBXGroup section */

/* Begin PBXNativeTarget section */
		2C0F44B22248C52300E468FC /* ViewControllerLifeCycle */ = {
			isa = PBXNativeTarget;
			buildConfigurationList = 2C0F44C52248C52500E468FC /* Build configuration list for PBXNativeTarget "ViewControllerLifeCycle" */;
			buildPhases = (
				2C0F44AF2248C52300E468FC /* Sources */,
				2C0F44B02248C52300E468FC /* Frameworks */,
				2C0F44B12248C52300E468FC /* Resources */,
			);
			buildRules = (
			);
			dependencies = (
			);
			name = ViewControllerLifeCycle;
			productName = Concentration;
			productReference = 2C0F44B32248C52300E468FC /* ViewControllerLifeCycle.app */;
			productType = "com.apple.product-type.application";
		};
/* End PBXNativeTarget section */

/* Begin PBXProject section */
		2C0F44AB2248C52300E468FC /* Project object */ = {
			isa = PBXProject;
			attributes = {
				LastSwiftUpdateCheck = 1010;
				LastUpgradeCheck = 1010;
				ORGANIZATIONNAME = MB;
				TargetAttributes = {
					2C0F44B22248C52300E468FC = {
						CreatedOnToolsVersion = 10.1;
					};
				};
			};
			buildConfigurationList = 2C0F44AE2248C52300E468FC /* Build configuration list for PBXProject "ViewControllerLifeCycle" */;
			compatibilityVersion = "Xcode 9.3";
			developmentRegion = en;
			hasScannedForEncodings = 0;
			knownRegions = (
				en,
				Base,
			);
			mainGroup = 2C0F44AA2248C52300E468FC;
			productRefGroup = 2C0F44B42248C52300E468FC /* Products */;
			projectDirPath = "";
			projectRoot = "";
			targets = (
				2C0F44B22248C52300E468FC /* ViewControllerLifeCycle */,
			);
		};
/* End PBXProject section */

/* Begin PBXResourcesBuildPhase section */
		2C0F44B12248C52300E468FC /* Resources */ = {
			isa = PBXResourcesBuildPhase;
			buildActionMask = 2147483647;
			files = (
				2C0F44C12248C52500E468FC /* LaunchScreen.storyboard in Resources */,
				2C1BE9EF2263A11E0074263D /* MultipleMVC,Timer and Animation.rtfd in Resources */,
				2C0F44BE2248C52500E468FC /* Assets.xcassets in Resources */,
				2C6F6F9322511DDA0018E723 /* Protocols.rtf in Resources */,
				2CBA3DB822592E15002F37A1 /* String.rtf in Resources */,
				2C510161226A1BD300846709 /* Timer.rtfd in Resources */,
				2CBA3DBA22593F87002F37A1 /* NSAttributedStrings.rtf in Resources */,
				2C7F68402258A10A0057E51D /* ARC.rtf in Resources */,
				2C6F6F732250EC850018E723 /* Extensions.rtf in Resources */,
				2C0F44BC2248C52300E468FC /* Main.storyboard in Resources */,
				2C79A7A7225BB8C300B620FC /* FunctionTypes.rtf in Resources */,
				2C7F68422258A34B0057E51D /* ARC.pdf in Resources */,
			);
			runOnlyForDeploymentPostprocessing = 0;
		};
/* End PBXResourcesBuildPhase section */

/* Begin PBXSourcesBuildPhase section */
		2C0F44AF2248C52300E468FC /* Sources */ = {
			isa = PBXSourcesBuildPhase;
			buildActionMask = 2147483647;
			files = (
				9B1DA26D22644DAC008C5231 /* ConcentrationThemeChooserViewController.swift in Sources */,
				2C0F44B92248C52300E468FC /* ConcentrationViewController.swift in Sources */,
				2C0F44B72248C52300E468FC /* AppDelegate.swift in Sources */,
				2C0F44CA2248EDDC00E468FC /* Concentration.swift in Sources */,
				2C0F44CC2248EF4B00E468FC /* Card.swift in Sources */,
			);
			runOnlyForDeploymentPostprocessing = 0;
		};
/* End PBXSourcesBuildPhase section */

/* Begin PBXVariantGroup section */
		2C0F44BA2248C52300E468FC /* Main.storyboard */ = {
			isa = PBXVariantGroup;
			children = (
				2C0F44BB2248C52300E468FC /* Base */,
			);
			name = Main.storyboard;
			sourceTree = "<group>";
		};
		2C0F44BF2248C52500E468FC /* LaunchScreen.storyboard */ = {
			isa = PBXVariantGroup;
			children = (
				2C0F44C02248C52500E468FC /* Base */,
			);
			name = LaunchScreen.storyboard;
			sourceTree = "<group>";
		};
/* End PBXVariantGroup section */

/* Begin XCBuildConfiguration section */
		2C0F44C32248C52500E468FC /* Debug */ = {
			isa = XCBuildConfiguration;
			buildSettings = {
				ALWAYS_SEARCH_USER_PATHS = NO;
				CLANG_ANALYZER_NONNULL = YES;
				CLANG_ANALYZER_NUMBER_OBJECT_CONVERSION = YES_AGGRESSIVE;
				CLANG_CXX_LANGUAGE_STANDARD = "gnu++14";
				CLANG_CXX_LIBRARY = "libc++";
				CLANG_ENABLE_MODULES = YES;
				CLANG_ENABLE_OBJC_ARC = YES;
				CLANG_ENABLE_OBJC_WEAK = YES;
				CLANG_WARN_BLOCK_CAPTURE_AUTORELEASING = YES;
				CLANG_WARN_BOOL_CONVERSION = YES;
				CLANG_WARN_COMMA = YES;
				CLANG_WARN_CONSTANT_CONVERSION = YES;
				CLANG_WARN_DEPRECATED_OBJC_IMPLEMENTATIONS = YES;
				CLANG_WARN_DIRECT_OBJC_ISA_USAGE = YES_ERROR;
				CLANG_WARN_DOCUMENTATION_COMMENTS = YES;
				CLANG_WARN_EMPTY_BODY = YES;
				CLANG_WARN_ENUM_CONVERSION = YES;
				CLANG_WARN_INFINITE_RECURSION = YES;
				CLANG_WARN_INT_CONVERSION = YES;
				CLANG_WARN_NON_LITERAL_NULL_CONVERSION = YES;
				CLANG_WARN_OBJC_IMPLICIT_RETAIN_SELF = YES;
				CLANG_WARN_OBJC_LITERAL_CONVERSION = YES;
				CLANG_WARN_OBJC_ROOT_CLASS = YES_ERROR;
				CLANG_WARN_RANGE_LOOP_ANALYSIS = YES;
				CLANG_WARN_STRICT_PROTOTYPES = YES;
				CLANG_WARN_SUSPICIOUS_MOVE = YES;
				CLANG_WARN_UNGUARDED_AVAILABILITY = YES_AGGRESSIVE;
				CLANG_WARN_UNREACHABLE_CODE = YES;
				CLANG_WARN__DUPLICATE_METHOD_MATCH = YES;
				CODE_SIGN_IDENTITY = "iPhone Developer";
				COPY_PHASE_STRIP = NO;
				DEBUG_INFORMATION_FORMAT = dwarf;
				ENABLE_STRICT_OBJC_MSGSEND = YES;
				ENABLE_TESTABILITY = YES;
				GCC_C_LANGUAGE_STANDARD = gnu11;
				GCC_DYNAMIC_NO_PIC = NO;
				GCC_NO_COMMON_BLOCKS = YES;
				GCC_OPTIMIZATION_LEVEL = 0;
				GCC_PREPROCESSOR_DEFINITIONS = (
					"DEBUG=1",
					"$(inherited)",
				);
				GCC_WARN_64_TO_32_BIT_CONVERSION = YES;
				GCC_WARN_ABOUT_RETURN_TYPE = YES_ERROR;
				GCC_WARN_UNDECLARED_SELECTOR = YES;
				GCC_WARN_UNINITIALIZED_AUTOS = YES_AGGRESSIVE;
				GCC_WARN_UNUSED_FUNCTION = YES;
				GCC_WARN_UNUSED_VARIABLE = YES;
				IPHONEOS_DEPLOYMENT_TARGET = 12.1;
				MTL_ENABLE_DEBUG_INFO = INCLUDE_SOURCE;
				MTL_FAST_MATH = YES;
				ONLY_ACTIVE_ARCH = YES;
				SDKROOT = iphoneos;
				SWIFT_ACTIVE_COMPILATION_CONDITIONS = DEBUG;
				SWIFT_OPTIMIZATION_LEVEL = "-Onone";
			};
			name = Debug;
		};
		2C0F44C42248C52500E468FC /* Release */ = {
			isa = XCBuildConfiguration;
			buildSettings = {
				ALWAYS_SEARCH_USER_PATHS = NO;
				CLANG_ANALYZER_NONNULL = YES;
				CLANG_ANALYZER_NUMBER_OBJECT_CONVERSION = YES_AGGRESSIVE;
				CLANG_CXX_LANGUAGE_STANDARD = "gnu++14";
				CLANG_CXX_LIBRARY = "libc++";
				CLANG_ENABLE_MODULES = YES;
				CLANG_ENABLE_OBJC_ARC = YES;
				CLANG_ENABLE_OBJC_WEAK = YES;
				CLANG_WARN_BLOCK_CAPTURE_AUTORELEASING = YES;
				CLANG_WARN_BOOL_CONVERSION = YES;
				CLANG_WARN_COMMA = YES;
				CLANG_WARN_CONSTANT_CONVERSION = YES;
				CLANG_WARN_DEPRECATED_OBJC_IMPLEMENTATIONS = YES;
				CLANG_WARN_DIRECT_OBJC_ISA_USAGE = YES_ERROR;
				CLANG_WARN_DOCUMENTATION_COMMENTS = YES;
				CLANG_WARN_EMPTY_BODY = YES;
				CLANG_WARN_ENUM_CONVERSION = YES;
				CLANG_WARN_INFINITE_RECURSION = YES;
				CLANG_WARN_INT_CONVERSION = YES;
				CLANG_WARN_NON_LITERAL_NULL_CONVERSION = YES;
				CLANG_WARN_OBJC_IMPLICIT_RETAIN_SELF = YES;
				CLANG_WARN_OBJC_LITERAL_CONVERSION = YES;
				CLANG_WARN_OBJC_ROOT_CLASS = YES_ERROR;
				CLANG_WARN_RANGE_LOOP_ANALYSIS = YES;
				CLANG_WARN_STRICT_PROTOTYPES = YES;
				CLANG_WARN_SUSPICIOUS_MOVE = YES;
				CLANG_WARN_UNGUARDED_AVAILABILITY = YES_AGGRESSIVE;
				CLANG_WARN_UNREACHABLE_CODE = YES;
				CLANG_WARN__DUPLICATE_METHOD_MATCH = YES;
				CODE_SIGN_IDENTITY = "iPhone Developer";
				COPY_PHASE_STRIP = NO;
				DEBUG_INFORMATION_FORMAT = "dwarf-with-dsym";
				ENABLE_NS_ASSERTIONS = NO;
				ENABLE_STRICT_OBJC_MSGSEND = YES;
				GCC_C_LANGUAGE_STANDARD = gnu11;
				GCC_NO_COMMON_BLOCKS = YES;
				GCC_WARN_64_TO_32_BIT_CONVERSION = YES;
				GCC_WARN_ABOUT_RETURN_TYPE = YES_ERROR;
				GCC_WARN_UNDECLARED_SELECTOR = YES;
				GCC_WARN_UNINITIALIZED_AUTOS = YES_AGGRESSIVE;
				GCC_WARN_UNUSED_FUNCTION = YES;
				GCC_WARN_UNUSED_VARIABLE = YES;
				IPHONEOS_DEPLOYMENT_TARGET = 12.1;
				MTL_ENABLE_DEBUG_INFO = NO;
				MTL_FAST_MATH = YES;
				SDKROOT = iphoneos;
				SWIFT_COMPILATION_MODE = wholemodule;
				SWIFT_OPTIMIZATION_LEVEL = "-O";
				VALIDATE_PRODUCT = YES;
			};
			name = Release;
		};
		2C0F44C62248C52500E468FC /* Debug */ = {
			isa = XCBuildConfiguration;
			buildSettings = {
				ASSETCATALOG_COMPILER_APPICON_NAME = AppIcon;
				CODE_SIGN_STYLE = Automatic;
				DEVELOPMENT_TEAM = 46VFTMYGW3;
				INFOPLIST_FILE = ViewControllerLifeCycle/Info.plist;
				LD_RUNPATH_SEARCH_PATHS = (
					"$(inherited)",
					"@executable_path/Frameworks",
				);
				PRODUCT_BUNDLE_IDENTIFIER = com.tryvector.ViewControllerLifeCycle;
				PRODUCT_NAME = "$(TARGET_NAME)";
				SWIFT_VERSION = 4.2;
				TARGETED_DEVICE_FAMILY = "1,2";
			};
			name = Debug;
		};
		2C0F44C72248C52500E468FC /* Release */ = {
			isa = XCBuildConfiguration;
			buildSettings = {
				ASSETCATALOG_COMPILER_APPICON_NAME = AppIcon;
				CODE_SIGN_STYLE = Automatic;
				DEVELOPMENT_TEAM = 46VFTMYGW3;
				INFOPLIST_FILE = ViewControllerLifeCycle/Info.plist;
				LD_RUNPATH_SEARCH_PATHS = (
					"$(inherited)",
					"@executable_path/Frameworks",
				);
				PRODUCT_BUNDLE_IDENTIFIER = com.tryvector.ViewControllerLifeCycle;
				PRODUCT_NAME = "$(TARGET_NAME)";
				SWIFT_VERSION = 4.2;
				TARGETED_DEVICE_FAMILY = "1,2";
			};
			name = Release;
		};
/* End XCBuildConfiguration section */

/* Begin XCConfigurationList section */
		2C0F44AE2248C52300E468FC /* Build configuration list for PBXProject "ViewControllerLifeCycle" */ = {
			isa = XCConfigurationList;
			buildConfigurations = (
				2C0F44C32248C52500E468FC /* Debug */,
				2C0F44C42248C52500E468FC /* Release */,
			);
			defaultConfigurationIsVisible = 0;
			defaultConfigurationName = Release;
		};
		2C0F44C52248C52500E468FC /* Build configuration list for PBXNativeTarget "ViewControllerLifeCycle" */ = {
			isa = XCConfigurationList;
			buildConfigurations = (
				2C0F44C62248C52500E468FC /* Debug */,
				2C0F44C72248C52500E468FC /* Release */,
			);
			defaultConfigurationIsVisible = 0;
			defaultConfigurationName = Release;
		};
/* End XCConfigurationList section */
	};
	rootObject = 2C0F44AB2248C52300E468FC /* Project object */;
}
